
Microsoft Visual Studio Solution File, Format Version 12.00
# Visual Studio Version 16
VisualStudioVersion = 16.0.28922.388
MinimumVisualStudioVersion = 10.0.40219.1
Project("{9A19103F-16F7-4668-BE54-9A1E7A4F7556}") = "MisteriousMachine.COM", "MisteriousMachine.COM\MisteriousMachine.COM.csproj", "{B58F7A3A-94B5-481E-99CD-7F06818DEF98}"
EndProject
Project("{FAE04EC0-301F-11D3-BF4B-00C04F79EFBC}") = "MisteriousMachine.Web", "MisteriousMachine.Web\MisteriousMachine.Web.csproj", "{1779979B-7215-4B5F-A251-6A520F6D1777}"
EndProject
Global
	GlobalSection(SolutionConfigurationPlatforms) = preSolution
		Debug|Any CPU = Debug|Any CPU
		Release|Any CPU = Release|Any CPU
	EndGlobalSection
	GlobalSection(ProjectConfigurationPlatforms) = postSolution
		{B58F7A3A-94B5-481E-99CD-7F06818DEF98}.Debug|Any CPU.ActiveCfg = Debug|Any CPU
		{B58F7A3A-94B5-481E-99CD-7F06818DEF98}.Debug|Any CPU.Build.0 = Debug|Any CPU
		{B58F7A3A-94B5-481E-99CD-7F06818DEF98}.Release|Any CPU.ActiveCfg = Release|Any CPU
		{B58F7A3A-94B5-481E-99CD-7F06818DEF98}.Release|Any CPU.Build.0 = Release|Any CPU
		{1779979B-7215-4B5F-A251-6A520F6D1777}.Debug|Any CPU.ActiveCfg = Debug|Any CPU
		{1779979B-7215-4B5F-A251-6A520F6D1777}.Debug|Any CPU.Build.0 = Debug|Any CPU
		{1779979B-7215-4B5F-A251-6A520F6D1777}.Release|Any CPU.ActiveCfg = Release|Any CPU
		{1779979B-7215-4B5F-A251-6A520F6D1777}.Release|Any CPU.Build.0 = Release|Any CPU
	EndGlobalSection
	GlobalSection(SolutionProperties) = preSolution
		HideSolutionNode = FALSE
	EndGlobalSection
	GlobalSection(ExtensibilityGlobals) = postSolution
		SolutionGuid = {AE42D8C9-067D-4278-9458-4854CC1D5A95}
	EndGlobalSection
EndGlobal
